{
  "name": "departurepoint",
  "version": "1.0.0",
  "lockfileVersion": 1,
  "requires": true,
  "dependencies": {
    "csv-js": {
      "version": "1.0.0",
      "resolved": "https://registry.npmjs.org/csv-js/-/csv-js-1.0.0.tgz",
      "integrity": "sha1-uq0z4qQmfLO6942meq7zmNUmOek="
    },
    "jquery": {
      "version": "3.4.1",
      "resolved": "https://registry.npmjs.org/jquery/-/jquery-3.4.1.tgz",
      "integrity": "sha512-36+AdBzCL+y6qjw5Tx7HgzeGCzC81MDDgaUP8ld2zhx58HdqXGoBd+tHdrBMiyjGQs0Hxs/MLZTu/eHNJJuWPw=="
    },
    "lodash": {
      "version": "4.17.19",
      "resolved": "https://registry.npmjs.org/lodash/-/lodash-4.17.19.tgz",
      "integrity": "sha512-JNvd8XER9GQX0v2qJgsaN/mzFCNA5BRe/j8JN9d+tWyGLSodKQHKFicdwNYzWwI3wjRnaKPsGj1XkBjx/F96DQ=="
    },
    "magpie-modules": {
      "version": "0.1.1",
      "resolved": "https://registry.npmjs.org/magpie-modules/-/magpie-modules-0.1.1.tgz",
      "integrity": "sha512-V7bSSe7qN/FcQxJxb9zced7dEU61Ff5G3pCbLz99+hHYNFLtUZrrzHrXl4ruVZklBy6+tzkVVOWJXTa23o40Dw==",
      "requires": {
        "csv-js": "^1.0.0",
        "jquery": "^3.3.1",
        "lodash": "^4.17.12"
      }
    }
  }
}
