{
  "name": "departurepoint",
  "version": "1.0.0",
  "lockfileVersion": 1,
  "requires": true,
  "dependencies": {
    "babe-project": {
      "version": "0.1.0",
      "resolved": "https://registry.npmjs.org/babe-project/-/babe-project-0.1.0.tgz",
      "integrity": "sha512-Wp1iYHaLIZCHYXbAbQyLXLbTxiO+vzqhyNA/LAHzD3gabr2pAJ0Yv5dEfzTJzQKg1XOMVY7xQ9bhi41yukWhyA==",
      "requires": {
        "csv-js": "^1.0.0",
        "jquery": "^3.3.1",
        "lodash": "^4.17.11"
      }
    },
    "csv-js": {
      "version": "1.0.0",
      "resolved": "https://registry.npmjs.org/csv-js/-/csv-js-1.0.0.tgz",
      "integrity": "sha1-uq0z4qQmfLO6942meq7zmNUmOek="
    },
    "jquery": {
      "version": "3.4.1",
      "resolved": "https://registry.npmjs.org/jquery/-/jquery-3.4.1.tgz",
      "integrity": "sha512-36+AdBzCL+y6qjw5Tx7HgzeGCzC81MDDgaUP8ld2zhx58HdqXGoBd+tHdrBMiyjGQs0Hxs/MLZTu/eHNJJuWPw=="
    },
    "lodash": {
      "version": "4.17.11",
      "resolved": "https://registry.npmjs.org/lodash/-/lodash-4.17.11.tgz",
      "integrity": "sha512-cQKh8igo5QUhZ7lg38DYWAxMvjSAKG0A8wGSVimP07SIUEK2UO+arSRKbRZWtelMtN5V0Hkwh5ryOto/SshYIg=="
    }
  }
}
