{
  "name": "departurepoint",
  "version": "1.0.0",
  "lockfileVersion": 1,
  "requires": true,
  "dependencies": {
    "babe-project": {
      "version": "0.0.25",
      "resolved": "https://registry.npmjs.org/babe-project/-/babe-project-0.0.25.tgz",
      "integrity": "sha512-/LuOgm19X/zJlaXXLcpLYr0MJT8eIbVlf1cfUIMKHZGw0PJOtErn9KgCVXzVPwgai2Llx8BZXygAzTh7qekSZw==",
      "requires": {
        "csv-js": "^1.0.0",
        "jquery": "^3.3.1"
      }
    },
    "csv-js": {
      "version": "1.0.0",
      "resolved": "https://registry.npmjs.org/csv-js/-/csv-js-1.0.0.tgz",
      "integrity": "sha1-uq0z4qQmfLO6942meq7zmNUmOek="
    },
    "jquery": {
      "version": "3.3.1",
      "resolved": "https://registry.npmjs.org/jquery/-/jquery-3.3.1.tgz",
      "integrity": "sha512-Ubldcmxp5np52/ENotGxlLe6aGMvmF4R8S6tZjsP6Knsaxd/xp3Zrh50cG93lR6nPXyUFwzN3ZSOQI0wRJNdGg=="
    }
  }
}
